// !$*UTF8*$!
{
	archiveVersion = 1;
	classes = {
	};
	objectVersion = 63;
	objects = {

/* Begin PBXBuildFile section */
		003D2749986F3310D76960CC /* BlipApp.swift in Sources */ = {isa = PBXBuildFile; fileRef = D195C0F2B03D78AA9EC7C739 /* BlipApp.swift */; };
		016749C3455C6430CA7D42F5 /* FlipClockView.swift in Sources */ = {isa = PBXBuildFile; fileRef = 0055F3118FBDDF11FFE89E3E /* FlipClockView.swift */; };
		1A1401130061E76760C7D3E2 /* Counter.swift in Sources */ = {isa = PBXBuildFile; fileRef = 42FB911BCB2E924E878E9381 /* Counter.swift */; };
		2D28CFB1B57F79F7E1D87EF2 /* SharedModelContainer.swift in Sources */ = {isa = PBXBuildFile; fileRef = 56F2BD8CA15FFC59896B4B1F /* SharedModelContainer.swift */; };
		3B1AA97E476D531AF22452ED /* ColorHelper.swift in Sources */ = {isa = PBXBuildFile; fileRef = 358A265050B8870484584DAB /* ColorHelper.swift */; };
		3EC34E359A23FDDA1D8B3DD3 /* SharedModelContainer.swift in Sources */ = {isa = PBXBuildFile; fileRef = 56F2BD8CA15FFC59896B4B1F /* SharedModelContainer.swift */; };
		40B45F6D5C8BF06F106C9CAD /* CounterCardView.swift in Sources */ = {isa = PBXBuildFile; fileRef = D685C4BF6DBA41231B6C7D0A /* CounterCardView.swift */; };
		49269E7CB22AC86D1D550DD7 /* SelectCounterIntent.swift in Sources */ = {isa = PBXBuildFile; fileRef = 1CC8A009F503FBECAA957AC7 /* SelectCounterIntent.swift */; };
		4F1B69F450EBD0AD4EA07FB6 /* BlipWidgetBundle.swift in Sources */ = {isa = PBXBuildFile; fileRef = E6033F3C6A22DE01209FE4C4 /* BlipWidgetBundle.swift */; };
		4FD5F82B8BCBCAA77E77504A /* BlipWidget.swift in Sources */ = {isa = PBXBuildFile; fileRef = B91AF60B19E14CA63D6B1454 /* BlipWidget.swift */; };
		588B6004F9A2FBEFE3AE5F90 /* CounterListView.swift in Sources */ = {isa = PBXBuildFile; fileRef = E3AC71439EB42D378BFA442D /* CounterListView.swift */; };
		5C9CB5E99A79D8AE10B4072B /* BlipWidgetViews.swift in Sources */ = {isa = PBXBuildFile; fileRef = AFE2666DB021E0635FF6830C /* BlipWidgetViews.swift */; };
		682649CED0A4F3A8B68CE1E4 /* BlipWidgetExtension.appex in Embed Foundation Extensions */ = {isa = PBXBuildFile; fileRef = 0CA67F792F5693D63412BC30 /* BlipWidgetExtension.appex */; settings = {ATTRIBUTES = (RemoveHeadersOnCopy, ); }; };
		70B76F09E0EDEE8B805F7468 /* ColorHelper.swift in Sources */ = {isa = PBXBuildFile; fileRef = 358A265050B8870484584DAB /* ColorHelper.swift */; };
		7E8419EA39CDDEE51716FF74 /* BlipWidgetProvider.swift in Sources */ = {isa = PBXBuildFile; fileRef = D67B3F786EF51A4BDD0502AB /* BlipWidgetProvider.swift */; };
		85B8D5FAF71D4CA863F86EF7 /* CounterEditView.swift in Sources */ = {isa = PBXBuildFile; fileRef = 23B0E8BE94798908587915AF /* CounterEditView.swift */; };
		88EF9FBAE472B95736F1D732 /* Assets.xcassets in Resources */ = {isa = PBXBuildFile; fileRef = 5B868F13FBBB5ECB03FE0D22 /* Assets.xcassets */; };
		A2018CBE1C27D87FBB79916A /* Counter.swift in Sources */ = {isa = PBXBuildFile; fileRef = 42FB911BCB2E924E878E9381 /* Counter.swift */; };
		D6F5F6878CE2D4AA660F75D2 /* Assets.xcassets in Resources */ = {isa = PBXBuildFile; fileRef = 00F331D1F5133E0B724ADFCA /* Assets.xcassets */; };
/* End PBXBuildFile section */

/* Begin PBXContainerItemProxy section */
		B728B2C6A51392CF01B50339 /* PBXContainerItemProxy */ = {
			isa = PBXContainerItemProxy;
			containerPortal = 0003C370165973758510B843 /* Project object */;
			proxyType = 1;
			remoteGlobalIDString = CA267D0CFC4636E96C6E46FC;
			remoteInfo = BlipWidgetExtension;
		};
/* End PBXContainerItemProxy section */

/* Begin PBXCopyFilesBuildPhase section */
		A1D2CC38353DFCD6147462E1 /* Embed Foundation Extensions */ = {
			isa = PBXCopyFilesBuildPhase;
			buildActionMask = 2147483647;
			dstPath = "";
			dstSubfolderSpec = 13;
			files = (
				682649CED0A4F3A8B68CE1E4 /* BlipWidgetExtension.appex in Embed Foundation Extensions */,
			);
			name = "Embed Foundation Extensions";
			runOnlyForDeploymentPostprocessing = 0;
		};
/* End PBXCopyFilesBuildPhase section */

/* Begin PBXFileReference section */
		0055F3118FBDDF11FFE89E3E /* FlipClockView.swift */ = {isa = PBXFileReference; lastKnownFileType = sourcecode.swift; path = FlipClockView.swift; sourceTree = "<group>"; };
		00F331D1F5133E0B724ADFCA /* Assets.xcassets */ = {isa = PBXFileReference; lastKnownFileType = folder.assetcatalog; path = Assets.xcassets; sourceTree = "<group>"; };
		0CA67F792F5693D63412BC30 /* BlipWidgetExtension.appex */ = {isa = PBXFileReference; explicitFileType = "wrapper.app-extension"; includeInIndex = 0; path = BlipWidgetExtension.appex; sourceTree = BUILT_PRODUCTS_DIR; };
		1CC8A009F503FBECAA957AC7 /* SelectCounterIntent.swift */ = {isa = PBXFileReference; lastKnownFileType = sourcecode.swift; path = SelectCounterIntent.swift; sourceTree = "<group>"; };
		23B0E8BE94798908587915AF /* CounterEditView.swift */ = {isa = PBXFileReference; lastKnownFileType = sourcecode.swift; path = CounterEditView.swift; sourceTree = "<group>"; };
		2A7794FFF3A965060E01F0D5 /* Blip.entitlements */ = {isa = PBXFileReference; lastKnownFileType = text.plist.entitlements; path = Blip.entitlements; sourceTree = "<group>"; };
		358A265050B8870484584DAB /* ColorHelper.swift */ = {isa = PBXFileReference; lastKnownFileType = sourcecode.swift; path = ColorHelper.swift; sourceTree = "<group>"; };
		42FB911BCB2E924E878E9381 /* Counter.swift */ = {isa = PBXFileReference; lastKnownFileType = sourcecode.swift; path = Counter.swift; sourceTree = "<group>"; };
		56F2BD8CA15FFC59896B4B1F /* SharedModelContainer.swift */ = {isa = PBXFileReference; lastKnownFileType = sourcecode.swift; path = SharedModelContainer.swift; sourceTree = "<group>"; };
		5B868F13FBBB5ECB03FE0D22 /* Assets.xcassets */ = {isa = PBXFileReference; lastKnownFileType = folder.assetcatalog; path = Assets.xcassets; sourceTree = "<group>"; };
		5DB898137DCDFB5579462042 /* BlipWidget.entitlements */ = {isa = PBXFileReference; lastKnownFileType = text.plist.entitlements; path = BlipWidget.entitlements; sourceTree = "<group>"; };
		8A9C04A45BF13241304A24C2 /* Info.plist */ = {isa = PBXFileReference; lastKnownFileType = text.plist; path = Info.plist; sourceTree = "<group>"; };
		AFE2666DB021E0635FF6830C /* BlipWidgetViews.swift */ = {isa = PBXFileReference; lastKnownFileType = sourcecode.swift; path = BlipWidgetViews.swift; sourceTree = "<group>"; };
		B91AF60B19E14CA63D6B1454 /* BlipWidget.swift */ = {isa = PBXFileReference; lastKnownFileType = sourcecode.swift; path = BlipWidget.swift; sourceTree = "<group>"; };
		D195C0F2B03D78AA9EC7C739 /* BlipApp.swift */ = {isa = PBXFileReference; lastKnownFileType = sourcecode.swift; path = BlipApp.swift; sourceTree = "<group>"; };
		D2D91AC1B5A59D4A14198976 /* Blip.app */ = {isa = PBXFileReference; explicitFileType = wrapper.application; includeInIndex = 0; path = Blip.app; sourceTree = BUILT_PRODUCTS_DIR; };
		D67B3F786EF51A4BDD0502AB /* BlipWidgetProvider.swift */ = {isa = PBXFileReference; lastKnownFileType = sourcecode.swift; path = BlipWidgetProvider.swift; sourceTree = "<group>"; };
		D685C4BF6DBA41231B6C7D0A /* CounterCardView.swift */ = {isa = PBXFileReference; lastKnownFileType = sourcecode.swift; path = CounterCardView.swift; sourceTree = "<group>"; };
		E3AC71439EB42D378BFA442D /* CounterListView.swift */ = {isa = PBXFileReference; lastKnownFileType = sourcecode.swift; path = CounterListView.swift; sourceTree = "<group>"; };
		E6033F3C6A22DE01209FE4C4 /* BlipWidgetBundle.swift */ = {isa = PBXFileReference; lastKnownFileType = sourcecode.swift; path = BlipWidgetBundle.swift; sourceTree = "<group>"; };
/* End PBXFileReference section */

/* Begin PBXGroup section */
		041D7D6CC5534A1C2E2BB06E /* Products */ = {
			isa = PBXGroup;
			children = (
				D2D91AC1B5A59D4A14198976 /* Blip.app */,
				0CA67F792F5693D63412BC30 /* BlipWidgetExtension.appex */,
			);
			name = Products;
			sourceTree = "<group>";
		};
		1186EB00694686CBFB8E5A38 /* Utilities */ = {
			isa = PBXGroup;
			children = (
				358A265050B8870484584DAB /* ColorHelper.swift */,
			);
			path = Utilities;
			sourceTree = "<group>";
		};
		44180A1E31D0EDA2D688FE4D /* Blip */ = {
			isa = PBXGroup;
			children = (
				00F331D1F5133E0B724ADFCA /* Assets.xcassets */,
				2A7794FFF3A965060E01F0D5 /* Blip.entitlements */,
				D195C0F2B03D78AA9EC7C739 /* BlipApp.swift */,
				7918BB1B9086AA51AB68FAA4 /* Models */,
				1186EB00694686CBFB8E5A38 /* Utilities */,
				AF01B585DE9FE3AF5CBD1C56 /* Views */,
			);
			path = Blip;
			sourceTree = "<group>";
		};
		5D1E2A6F666219876F85AD74 /* Shared */ = {
			isa = PBXGroup;
			children = (
				56F2BD8CA15FFC59896B4B1F /* SharedModelContainer.swift */,
			);
			path = Shared;
			sourceTree = "<group>";
		};
		7918BB1B9086AA51AB68FAA4 /* Models */ = {
			isa = PBXGroup;
			children = (
				42FB911BCB2E924E878E9381 /* Counter.swift */,
			);
			path = Models;
			sourceTree = "<group>";
		};
		936107788BA5F693C68E1BB4 /* BlipWidget */ = {
			isa = PBXGroup;
			children = (
				5B868F13FBBB5ECB03FE0D22 /* Assets.xcassets */,
				5DB898137DCDFB5579462042 /* BlipWidget.entitlements */,
				B91AF60B19E14CA63D6B1454 /* BlipWidget.swift */,
				E6033F3C6A22DE01209FE4C4 /* BlipWidgetBundle.swift */,
				D67B3F786EF51A4BDD0502AB /* BlipWidgetProvider.swift */,
				AFE2666DB021E0635FF6830C /* BlipWidgetViews.swift */,
				8A9C04A45BF13241304A24C2 /* Info.plist */,
				1CC8A009F503FBECAA957AC7 /* SelectCounterIntent.swift */,
			);
			path = BlipWidget;
			sourceTree = "<group>";
		};
		AF01B585DE9FE3AF5CBD1C56 /* Views */ = {
			isa = PBXGroup;
			children = (
				D685C4BF6DBA41231B6C7D0A /* CounterCardView.swift */,
				23B0E8BE94798908587915AF /* CounterEditView.swift */,
				E3AC71439EB42D378BFA442D /* CounterListView.swift */,
				0055F3118FBDDF11FFE89E3E /* FlipClockView.swift */,
			);
			path = Views;
			sourceTree = "<group>";
		};
		C8E5FD9569C0D9C2D2E7DF00 = {
			isa = PBXGroup;
			children = (
				44180A1E31D0EDA2D688FE4D /* Blip */,
				936107788BA5F693C68E1BB4 /* BlipWidget */,
				5D1E2A6F666219876F85AD74 /* Shared */,
				041D7D6CC5534A1C2E2BB06E /* Products */,
			);
			sourceTree = "<group>";
		};
/* End PBXGroup section */

/* Begin PBXNativeTarget section */
		CA267D0CFC4636E96C6E46FC /* BlipWidgetExtension */ = {
			isa = PBXNativeTarget;
			buildConfigurationList = 81A9280353AF7C3B86869B81 /* Build configuration list for PBXNativeTarget "BlipWidgetExtension" */;
			buildPhases = (
				4AC792CEB7545A1E97FDB73B /* Sources */,
				9128A5E6283AC922503071DA /* Resources */,
			);
			buildRules = (
			);
			dependencies = (
			);
			name = BlipWidgetExtension;
			packageProductDependencies = (
			);
			productName = BlipWidgetExtension;
			productReference = 0CA67F792F5693D63412BC30 /* BlipWidgetExtension.appex */;
			productType = "com.apple.product-type.app-extension";
		};
		E6DB53EB56234A16885B866A /* Blip */ = {
			isa = PBXNativeTarget;
			buildConfigurationList = FFE96B6C9E5AAEBF3ED2F9B7 /* Build configuration list for PBXNativeTarget "Blip" */;
			buildPhases = (
				36D50C0EC0A8F2CA9E395DE2 /* Sources */,
				56D69C1BAC5ECEC44750D4E6 /* Resources */,
				A1D2CC38353DFCD6147462E1 /* Embed Foundation Extensions */,
			);
			buildRules = (
			);
			dependencies = (
				355838B9F141E152D5C4AB8B /* PBXTargetDependency */,
			);
			name = Blip;
			packageProductDependencies = (
			);
			productName = Blip;
			productReference = D2D91AC1B5A59D4A14198976 /* Blip.app */;
			productType = "com.apple.product-type.application";
		};
/* End PBXNativeTarget section */

/* Begin PBXProject section */
		0003C370165973758510B843 /* Project object */ = {
			isa = PBXProject;
			attributes = {
				BuildIndependentTargetsInParallel = YES;
				LastUpgradeCheck = 1600;
			};
			buildConfigurationList = 5D20434E83D2CEA88116A74C /* Build configuration list for PBXProject "Blip" */;
			compatibilityVersion = "Xcode 14.0";
			developmentRegion = en;
			hasScannedForEncodings = 0;
			knownRegions = (
				Base,
				en,
			);
			mainGroup = C8E5FD9569C0D9C2D2E7DF00;
			minimizedProjectReferenceProxies = 1;
			projectDirPath = "";
			projectRoot = "";
			targets = (
				E6DB53EB56234A16885B866A /* Blip */,
				CA267D0CFC4636E96C6E46FC /* BlipWidgetExtension */,
			);
		};
/* End PBXProject section */

/* Begin PBXResourcesBuildPhase section */
		56D69C1BAC5ECEC44750D4E6 /* Resources */ = {
			isa = PBXResourcesBuildPhase;
			buildActionMask = 2147483647;
			files = (
				D6F5F6878CE2D4AA660F75D2 /* Assets.xcassets in Resources */,
			);
			runOnlyForDeploymentPostprocessing = 0;
		};
		9128A5E6283AC922503071DA /* Resources */ = {
			isa = PBXResourcesBuildPhase;
			buildActionMask = 2147483647;
			files = (
				88EF9FBAE472B95736F1D732 /* Assets.xcassets in Resources */,
			);
			runOnlyForDeploymentPostprocessing = 0;
		};
/* End PBXResourcesBuildPhase section */

/* Begin PBXSourcesBuildPhase section */
		36D50C0EC0A8F2CA9E395DE2 /* Sources */ = {
			isa = PBXSourcesBuildPhase;
			buildActionMask = 2147483647;
			files = (
				003D2749986F3310D76960CC /* BlipApp.swift in Sources */,
				70B76F09E0EDEE8B805F7468 /* ColorHelper.swift in Sources */,
				A2018CBE1C27D87FBB79916A /* Counter.swift in Sources */,
				40B45F6D5C8BF06F106C9CAD /* CounterCardView.swift in Sources */,
				85B8D5FAF71D4CA863F86EF7 /* CounterEditView.swift in Sources */,
				588B6004F9A2FBEFE3AE5F90 /* CounterListView.swift in Sources */,
				016749C3455C6430CA7D42F5 /* FlipClockView.swift in Sources */,
				2D28CFB1B57F79F7E1D87EF2 /* SharedModelContainer.swift in Sources */,
			);
			runOnlyForDeploymentPostprocessing = 0;
		};
		4AC792CEB7545A1E97FDB73B /* Sources */ = {
			isa = PBXSourcesBuildPhase;
			buildActionMask = 2147483647;
			files = (
				4FD5F82B8BCBCAA77E77504A /* BlipWidget.swift in Sources */,
				4F1B69F450EBD0AD4EA07FB6 /* BlipWidgetBundle.swift in Sources */,
				7E8419EA39CDDEE51716FF74 /* BlipWidgetProvider.swift in Sources */,
				5C9CB5E99A79D8AE10B4072B /* BlipWidgetViews.swift in Sources */,
				3B1AA97E476D531AF22452ED /* ColorHelper.swift in Sources */,
				1A1401130061E76760C7D3E2 /* Counter.swift in Sources */,
				49269E7CB22AC86D1D550DD7 /* SelectCounterIntent.swift in Sources */,
				3EC34E359A23FDDA1D8B3DD3 /* SharedModelContainer.swift in Sources */,
			);
			runOnlyForDeploymentPostprocessing = 0;
		};
/* End PBXSourcesBuildPhase section */

/* Begin PBXTargetDependency section */
		355838B9F141E152D5C4AB8B /* PBXTargetDependency */ = {
			isa = PBXTargetDependency;
			target = CA267D0CFC4636E96C6E46FC /* BlipWidgetExtension */;
			targetProxy = B728B2C6A51392CF01B50339 /* PBXContainerItemProxy */;
		};
/* End PBXTargetDependency section */

/* Begin XCBuildConfiguration section */
		163CC58C30ACED6969E8E007 /* Debug */ = {
			isa = XCBuildConfiguration;
			buildSettings = {
				ASSETCATALOG_COMPILER_APPICON_NAME = AppIcon;
				CODE_SIGN_ENTITLEMENTS = Blip/Blip.entitlements;
				CODE_SIGN_IDENTITY = "iPhone Developer";
				CURRENT_PROJECT_VERSION = 1;
				DEVELOPMENT_TEAM = 85S8MAN3A4;
				GENERATE_INFOPLIST_FILE = YES;
				INFOPLIST_KEY_UIApplicationSceneManifest_Generation = YES;
				INFOPLIST_KEY_UIApplicationSupportsIndirectInputEvents = YES;
				INFOPLIST_KEY_UILaunchScreen_Generation = YES;
				INFOPLIST_KEY_UISupportedInterfaceOrientations_iPad = "UIInterfaceOrientationPortrait UIInterfaceOrientationPortraitUpsideDown UIInterfaceOrientationLandscapeLeft UIInterfaceOrientationLandscapeRight";
				INFOPLIST_KEY_UISupportedInterfaceOrientations_iPhone = UIInterfaceOrientationPortrait;
				LD_RUNPATH_SEARCH_PATHS = (
					"$(inherited)",
					"@executable_path/Frameworks",
				);
				MARKETING_VERSION = 1.0;
				PRODUCT_BUNDLE_IDENTIFIER = com.izaro.blip;
				SDKROOT = iphoneos;
				SWIFT_VERSION = 5.9;
				TARGETED_DEVICE_FAMILY = "1,2";
			};
			name = Debug;
		};
		2ED6D15FC7E6CEB556ED4677 /* Release */ = {
			isa = XCBuildConfiguration;
			buildSettings = {
				CODE_SIGN_ENTITLEMENTS = BlipWidget/BlipWidget.entitlements;
				CURRENT_PROJECT_VERSION = 1;
				DEVELOPMENT_TEAM = 85S8MAN3A4;
				INFOPLIST_FILE = BlipWidget/Info.plist;
				LD_RUNPATH_SEARCH_PATHS = (
					"$(inherited)",
					"@executable_path/Frameworks",
					"@executable_path/../../Frameworks",
				);
				MARKETING_VERSION = 1.0;
				PRODUCT_BUNDLE_IDENTIFIER = com.izaro.blip.widget;
				SDKROOT = iphoneos;
				SWIFT_VERSION = 5.9;
				TARGETED_DEVICE_FAMILY = "1,2";
			};
			name = Release;
		};
		3622B0E00380FEDB171BBC62 /* Release */ = {
			isa = XCBuildConfiguration;
			buildSettings = {
				ALWAYS_SEARCH_USER_PATHS = NO;
				CLANG_ANALYZER_NONNULL = YES;
				CLANG_ANALYZER_NUMBER_OBJECT_CONVERSION = YES_AGGRESSIVE;
				CLANG_CXX_LANGUAGE_STANDARD = "gnu++14";
				CLANG_CXX_LIBRARY = "libc++";
				CLANG_ENABLE_MODULES = YES;
				CLANG_ENABLE_OBJC_ARC = YES;
				CLANG_ENABLE_OBJC_WEAK = YES;
				CLANG_WARN_BLOCK_CAPTURE_AUTORELEASING = YES;
				CLANG_WARN_BOOL_CONVERSION = YES;
				CLANG_WARN_COMMA = YES;
				CLANG_WARN_CONSTANT_CONVERSION = YES;
				CLANG_WARN_DEPRECATED_OBJC_IMPLEMENTATIONS = YES;
				CLANG_WARN_DIRECT_OBJC_ISA_USAGE = YES_ERROR;
				CLANG_WARN_DOCUMENTATION_COMMENTS = YES;
				CLANG_WARN_EMPTY_BODY = YES;
				CLANG_WARN_ENUM_CONVERSION = YES;
				CLANG_WARN_INFINITE_RECURSION = YES;
				CLANG_WARN_INT_CONVERSION = YES;
				CLANG_WARN_NON_LITERAL_NULL_CONVERSION = YES;
				CLANG_WARN_OBJC_IMPLICIT_RETAIN_SELF = YES;
				CLANG_WARN_OBJC_LITERAL_CONVERSION = YES;
				CLANG_WARN_OBJC_ROOT_CLASS = YES_ERROR;
				CLANG_WARN_QUOTED_INCLUDE_IN_FRAMEWORK_HEADER = YES;
				CLANG_WARN_RANGE_LOOP_ANALYSIS = YES;
				CLANG_WARN_STRICT_PROTOTYPES = YES;
				CLANG_WARN_SUSPICIOUS_MOVE = YES;
				CLANG_WARN_UNGUARDED_AVAILABILITY = YES_AGGRESSIVE;
				CLANG_WARN_UNREACHABLE_CODE = YES;
				CLANG_WARN__DUPLICATE_METHOD_MATCH = YES;
				COPY_PHASE_STRIP = NO;
				DEBUG_INFORMATION_FORMAT = "dwarf-with-dsym";
				ENABLE_NS_ASSERTIONS = NO;
				ENABLE_STRICT_OBJC_MSGSEND = YES;
				GCC_C_LANGUAGE_STANDARD = gnu11;
				GCC_NO_COMMON_BLOCKS = YES;
				GCC_WARN_64_TO_32_BIT_CONVERSION = YES;
				GCC_WARN_ABOUT_RETURN_TYPE = YES_ERROR;
				GCC_WARN_UNDECLARED_SELECTOR = YES;
				GCC_WARN_UNINITIALIZED_AUTOS = YES_AGGRESSIVE;
				GCC_WARN_UNUSED_FUNCTION = YES;
				GCC_WARN_UNUSED_VARIABLE = YES;
				IPHONEOS_DEPLOYMENT_TARGET = 17.0;
				MTL_ENABLE_DEBUG_INFO = NO;
				MTL_FAST_MATH = YES;
				PRODUCT_NAME = "$(TARGET_NAME)";
				SDKROOT = iphoneos;
				SWIFT_COMPILATION_MODE = wholemodule;
				SWIFT_OPTIMIZATION_LEVEL = "-O";
				SWIFT_VERSION = 5.0;
			};
			name = Release;
		};
		3BE59E4A6D77E37A940DA316 /* Release */ = {
			isa = XCBuildConfiguration;
			buildSettings = {
				ASSETCATALOG_COMPILER_APPICON_NAME = AppIcon;
				CODE_SIGN_ENTITLEMENTS = Blip/Blip.entitlements;
				CODE_SIGN_IDENTITY = "iPhone Developer";
				CURRENT_PROJECT_VERSION = 1;
				DEVELOPMENT_TEAM = 85S8MAN3A4;
				GENERATE_INFOPLIST_FILE = YES;
				INFOPLIST_KEY_UIApplicationSceneManifest_Generation = YES;
				INFOPLIST_KEY_UIApplicationSupportsIndirectInputEvents = YES;
				INFOPLIST_KEY_UILaunchScreen_Generation = YES;
				INFOPLIST_KEY_UISupportedInterfaceOrientations_iPad = "UIInterfaceOrientationPortrait UIInterfaceOrientationPortraitUpsideDown UIInterfaceOrientationLandscapeLeft UIInterfaceOrientationLandscapeRight";
				INFOPLIST_KEY_UISupportedInterfaceOrientations_iPhone = UIInterfaceOrientationPortrait;
				LD_RUNPATH_SEARCH_PATHS = (
					"$(inherited)",
					"@executable_path/Frameworks",
				);
				MARKETING_VERSION = 1.0;
				PRODUCT_BUNDLE_IDENTIFIER = com.izaro.blip;
				SDKROOT = iphoneos;
				SWIFT_VERSION = 5.9;
				TARGETED_DEVICE_FAMILY = "1,2";
			};
			name = Release;
		};
		A9BA5E677BE1D5237A09836D /* Debug */ = {
			isa = XCBuildConfiguration;
			buildSettings = {
				ALWAYS_SEARCH_USER_PATHS = NO;
				CLANG_ANALYZER_NONNULL = YES;
				CLANG_ANALYZER_NUMBER_OBJECT_CONVERSION = YES_AGGRESSIVE;
				CLANG_CXX_LANGUAGE_STANDARD = "gnu++14";
				CLANG_CXX_LIBRARY = "libc++";
				CLANG_ENABLE_MODULES = YES;
				CLANG_ENABLE_OBJC_ARC = YES;
				CLANG_ENABLE_OBJC_WEAK = YES;
				CLANG_WARN_BLOCK_CAPTURE_AUTORELEASING = YES;
				CLANG_WARN_BOOL_CONVERSION = YES;
				CLANG_WARN_COMMA = YES;
				CLANG_WARN_CONSTANT_CONVERSION = YES;
				CLANG_WARN_DEPRECATED_OBJC_IMPLEMENTATIONS = YES;
				CLANG_WARN_DIRECT_OBJC_ISA_USAGE = YES_ERROR;
				CLANG_WARN_DOCUMENTATION_COMMENTS = YES;
				CLANG_WARN_EMPTY_BODY = YES;
				CLANG_WARN_ENUM_CONVERSION = YES;
				CLANG_WARN_INFINITE_RECURSION = YES;
				CLANG_WARN_INT_CONVERSION = YES;
				CLANG_WARN_NON_LITERAL_NULL_CONVERSION = YES;
				CLANG_WARN_OBJC_IMPLICIT_RETAIN_SELF = YES;
				CLANG_WARN_OBJC_LITERAL_CONVERSION = YES;
				CLANG_WARN_OBJC_ROOT_CLASS = YES_ERROR;
				CLANG_WARN_QUOTED_INCLUDE_IN_FRAMEWORK_HEADER = YES;
				CLANG_WARN_RANGE_LOOP_ANALYSIS = YES;
				CLANG_WARN_STRICT_PROTOTYPES = YES;
				CLANG_WARN_SUSPICIOUS_MOVE = YES;
				CLANG_WARN_UNGUARDED_AVAILABILITY = YES_AGGRESSIVE;
				CLANG_WARN_UNREACHABLE_CODE = YES;
				CLANG_WARN__DUPLICATE_METHOD_MATCH = YES;
				COPY_PHASE_STRIP = NO;
				DEBUG_INFORMATION_FORMAT = dwarf;
				ENABLE_STRICT_OBJC_MSGSEND = YES;
				ENABLE_TESTABILITY = YES;
				GCC_C_LANGUAGE_STANDARD = gnu11;
				GCC_DYNAMIC_NO_PIC = NO;
				GCC_NO_COMMON_BLOCKS = YES;
				GCC_OPTIMIZATION_LEVEL = 0;
				GCC_PREPROCESSOR_DEFINITIONS = (
					"$(inherited)",
					"DEBUG=1",
				);
				GCC_WARN_64_TO_32_BIT_CONVERSION = YES;
				GCC_WARN_ABOUT_RETURN_TYPE = YES_ERROR;
				GCC_WARN_UNDECLARED_SELECTOR = YES;
				GCC_WARN_UNINITIALIZED_AUTOS = YES_AGGRESSIVE;
				GCC_WARN_UNUSED_FUNCTION = YES;
				GCC_WARN_UNUSED_VARIABLE = YES;
				IPHONEOS_DEPLOYMENT_TARGET = 17.0;
				MTL_ENABLE_DEBUG_INFO = INCLUDE_SOURCE;
				MTL_FAST_MATH = YES;
				ONLY_ACTIVE_ARCH = YES;
				PRODUCT_NAME = "$(TARGET_NAME)";
				SDKROOT = iphoneos;
				SWIFT_ACTIVE_COMPILATION_CONDITIONS = DEBUG;
				SWIFT_OPTIMIZATION_LEVEL = "-Onone";
				SWIFT_VERSION = 5.0;
			};
			name = Debug;
		};
		AAE9903CB5DA456402EE59B6 /* Debug */ = {
			isa = XCBuildConfiguration;
			buildSettings = {
				CODE_SIGN_ENTITLEMENTS = BlipWidget/BlipWidget.entitlements;
				CURRENT_PROJECT_VERSION = 1;
				DEVELOPMENT_TEAM = 85S8MAN3A4;
				INFOPLIST_FILE = BlipWidget/Info.plist;
				LD_RUNPATH_SEARCH_PATHS = (
					"$(inherited)",
					"@executable_path/Frameworks",
					"@executable_path/../../Frameworks",
				);
				MARKETING_VERSION = 1.0;
				PRODUCT_BUNDLE_IDENTIFIER = com.izaro.blip.widget;
				SDKROOT = iphoneos;
				SWIFT_VERSION = 5.9;
				TARGETED_DEVICE_FAMILY = "1,2";
			};
			name = Debug;
		};
/* End XCBuildConfiguration section */

/* Begin XCConfigurationList section */
		5D20434E83D2CEA88116A74C /* Build configuration list for PBXProject "Blip" */ = {
			isa = XCConfigurationList;
			buildConfigurations = (
				A9BA5E677BE1D5237A09836D /* Debug */,
				3622B0E00380FEDB171BBC62 /* Release */,
			);
			defaultConfigurationIsVisible = 0;
			defaultConfigurationName = Debug;
		};
		81A9280353AF7C3B86869B81 /* Build configuration list for PBXNativeTarget "BlipWidgetExtension" */ = {
			isa = XCConfigurationList;
			buildConfigurations = (
				AAE9903CB5DA456402EE59B6 /* Debug */,
				2ED6D15FC7E6CEB556ED4677 /* Release */,
			);
			defaultConfigurationIsVisible = 0;
			defaultConfigurationName = Debug;
		};
		FFE96B6C9E5AAEBF3ED2F9B7 /* Build configuration list for PBXNativeTarget "Blip" */ = {
			isa = XCConfigurationList;
			buildConfigurations = (
				163CC58C30ACED6969E8E007 /* Debug */,
				3BE59E4A6D77E37A940DA316 /* Release */,
			);
			defaultConfigurationIsVisible = 0;
			defaultConfigurationName = Debug;
		};
/* End XCConfigurationList section */
	};
	rootObject = 0003C370165973758510B843 /* Project object */;
}
